
Microsoft Visual Studio Solution File, Format Version 12.00
# Visual Studio 15
VisualStudioVersion = 15.0.28307.271
MinimumVisualStudioVersion = 10.0.40219.1
Project("{FAE04EC0-301F-11D3-BF4B-00C04F79EFBC}") = "HelloWorld3", "HelloWorld3\HelloWorld3.csproj", "{3BC623D5-36DB-498E-BD2C-92B1E2E00438}"
EndProject
Global
	GlobalSection(SolutionConfigurationPlatforms) = preSolution
		Debug|Any CPU = Debug|Any CPU
		Release|Any CPU = Release|Any CPU
	EndGlobalSection
	GlobalSection(ProjectConfigurationPlatforms) = postSolution
		{3BC623D5-36DB-498E-BD2C-92B1E2E00438}.Debug|Any CPU.ActiveCfg = Debug|Any CPU
		{3BC623D5-36DB-498E-BD2C-92B1E2E00438}.Debug|Any CPU.Build.0 = Debug|Any CPU
		{3BC623D5-36DB-498E-BD2C-92B1E2E00438}.Release|Any CPU.ActiveCfg = Release|Any CPU
		{3BC623D5-36DB-498E-BD2C-92B1E2E00438}.Release|Any CPU.Build.0 = Release|Any CPU
	EndGlobalSection
	GlobalSection(SolutionProperties) = preSolution
		HideSolutionNode = FALSE
	EndGlobalSection
	GlobalSection(ExtensibilityGlobals) = postSolution
		SolutionGuid = {EAF8B8BB-0DB8-4808-B6D4-8DF64FD1C212}
	EndGlobalSection
EndGlobal
